
Microsoft Visual Studio Solution File, Format Version 12.00
Project("{FAE04EC0-301F-11D3-BF4B-00C04F79EFBC}") = "FMS UI", "FMS UI\FMS UI.csproj", "{C5B52DA4-51B3-4F72-ABC0-8C36ADA6BB09}"
EndProject
Global
	GlobalSection(SolutionConfigurationPlatforms) = preSolution
		Debug|Any CPU = Debug|Any CPU
		Release|Any CPU = Release|Any CPU
	EndGlobalSection
	GlobalSection(ProjectConfigurationPlatforms) = postSolution
		{C5B52DA4-51B3-4F72-ABC0-8C36ADA6BB09}.Debug|Any CPU.ActiveCfg = Debug|Any CPU
		{C5B52DA4-51B3-4F72-ABC0-8C36ADA6BB09}.Debug|Any CPU.Build.0 = Debug|Any CPU
		{C5B52DA4-51B3-4F72-ABC0-8C36ADA6BB09}.Release|Any CPU.ActiveCfg = Release|Any CPU
		{C5B52DA4-51B3-4F72-ABC0-8C36ADA6BB09}.Release|Any CPU.Build.0 = Release|Any CPU
	EndGlobalSection
EndGlobal
